
Microsoft Visual Studio Solution File, Format Version 12.00
# Visual Studio Version 16
VisualStudioVersion = 16.0.31105.61
MinimumVisualStudioVersion = 10.0.40219.1
Project("{FAE04EC0-301F-11D3-BF4B-00C04F79EFBC}") = "Projet mines", "Projet mines\Projet mines.csproj", "{8BD3A9C5-905C-4B95-87D1-E8DF688E41CD}"
EndProject
Global
	GlobalSection(SolutionConfigurationPlatforms) = preSolution
		Debug|Any CPU = Debug|Any CPU
		Release|Any CPU = Release|Any CPU
	EndGlobalSection
	GlobalSection(ProjectConfigurationPlatforms) = postSolution
		{8BD3A9C5-905C-4B95-87D1-E8DF688E41CD}.Debug|Any CPU.ActiveCfg = Debug|Any CPU
		{8BD3A9C5-905C-4B95-87D1-E8DF688E41CD}.Debug|Any CPU.Build.0 = Debug|Any CPU
		{8BD3A9C5-905C-4B95-87D1-E8DF688E41CD}.Release|Any CPU.ActiveCfg = Release|Any CPU
		{8BD3A9C5-905C-4B95-87D1-E8DF688E41CD}.Release|Any CPU.Build.0 = Release|Any CPU
	EndGlobalSection
	GlobalSection(SolutionProperties) = preSolution
		HideSolutionNode = FALSE
	EndGlobalSection
	GlobalSection(ExtensibilityGlobals) = postSolution
		SolutionGuid = {9AA3277F-1554-4DB4-AA0C-15632CA16185}
	EndGlobalSection
EndGlobal
